
Microsoft Visual Studio Solution File, Format Version 12.00
# Visual Studio Version 17
VisualStudioVersion = 17.14.36109.1
MinimumVisualStudioVersion = 10.0.40219.1
Project("{FAE04EC0-301F-11D3-BF4B-00C04F79EFBC}") = "AccountAPI", "AccountAPI\AccountAPI.csproj", "{2BC56423-34D3-CE0F-64B7-4035E9E8888F}"
EndProject
Global
	GlobalSection(SolutionConfigurationPlatforms) = preSolution
		Debug|Any CPU = Debug|Any CPU
		Release|Any CPU = Release|Any CPU
	EndGlobalSection
	GlobalSection(ProjectConfigurationPlatforms) = postSolution
		{2BC56423-34D3-CE0F-64B7-4035E9E8888F}.Debug|Any CPU.ActiveCfg = Debug|Any CPU
		{2BC56423-34D3-CE0F-64B7-4035E9E8888F}.Debug|Any CPU.Build.0 = Debug|Any CPU
		{2BC56423-34D3-CE0F-64B7-4035E9E8888F}.Release|Any CPU.ActiveCfg = Release|Any CPU
		{2BC56423-34D3-CE0F-64B7-4035E9E8888F}.Release|Any CPU.Build.0 = Release|Any CPU
	EndGlobalSection
	GlobalSection(SolutionProperties) = preSolution
		HideSolutionNode = FALSE
	EndGlobalSection
	GlobalSection(ExtensibilityGlobals) = postSolution
		SolutionGuid = {106AA96D-7DD1-4B82-88B8-A7E1C5B1B5D9}
	EndGlobalSection
EndGlobal
